// !$*UTF8*$!
{
	archiveVersion = 1;
	classes = {
	};
	objectVersion = 46;
	objects = {

/* Begin PBXBuildFile section */
		1D4C2A641ED1938B00E4DB77 /* AppDelegate.m in Sources */ = {isa = PBXBuildFile; fileRef = 1D4C2A631ED1938B00E4DB77 /* AppDelegate.m */; };
		1D4C2A671ED1938B00E4DB77 /* main.m in Sources */ = {isa = PBXBuildFile; fileRef = 1D4C2A661ED1938B00E4DB77 /* main.m */; };
		1D4C2A691ED1938B00E4DB77 /* Assets.xcassets in Resources */ = {isa = PBXBuildFile; fileRef = 1D4C2A681ED1938B00E4DB77 /* Assets.xcassets */; };
		1D4C2A6C1ED1938B00E4DB77 /* MainMenu.xib in Resources */ = {isa = PBXBuildFile; fileRef = 1D4C2A6A1ED1938B00E4DB77 /* MainMenu.xib */; };
		1D4C2A751ED193ED00E4DB77 /* mainController.m in Sources */ = {isa = PBXBuildFile; fileRef = 1D4C2A741ED193ED00E4DB77 /* mainController.m */; };
		1D4C2A791ED197AF00E4DB77 /* M_GUI.m in Sources */ = {isa = PBXBuildFile; fileRef = 1D4C2A781ED197AF00E4DB77 /* M_GUI.m */; };
/* End PBXBuildFile section */

/* Begin PBXFileReference section */
		1D4C2A5F1ED1938B00E4DB77 /* SensorRecorder.app */ = {isa = PBXFileReference; explicitFileType = wrapper.application; includeInIndex = 0; path = SensorRecorder.app; sourceTree = BUILT_PRODUCTS_DIR; };
		1D4C2A621ED1938B00E4DB77 /* AppDelegate.h */ = {isa = PBXFileReference; lastKnownFileType = sourcecode.c.h; path = AppDelegate.h; sourceTree = "<group>"; };
		1D4C2A631ED1938B00E4DB77 /* AppDelegate.m */ = {isa = PBXFileReference; lastKnownFileType = sourcecode.c.objc; path = AppDelegate.m; sourceTree = "<group>"; };
		1D4C2A661ED1938B00E4DB77 /* main.m */ = {isa = PBXFileReference; lastKnownFileType = sourcecode.c.objc; path = main.m; sourceTree = "<group>"; };
		1D4C2A681ED1938B00E4DB77 /* Assets.xcassets */ = {isa = PBXFileReference; lastKnownFileType = folder.assetcatalog; path = Assets.xcassets; sourceTree = "<group>"; };
		1D4C2A6B1ED1938B00E4DB77 /* Base */ = {isa = PBXFileReference; lastKnownFileType = file.xib; name = Base; path = Base.lproj/MainMenu.xib; sourceTree = "<group>"; };
		1D4C2A6D1ED1938B00E4DB77 /* Info.plist */ = {isa = PBXFileReference; lastKnownFileType = text.plist.xml; path = Info.plist; sourceTree = "<group>"; };
		1D4C2A731ED193ED00E4DB77 /* mainController.h */ = {isa = PBXFileReference; fileEncoding = 4; lastKnownFileType = sourcecode.c.h; path = mainController.h; sourceTree = "<group>"; };
		1D4C2A741ED193ED00E4DB77 /* mainController.m */ = {isa = PBXFileReference; fileEncoding = 4; lastKnownFileType = sourcecode.c.objc; path = mainController.m; sourceTree = "<group>"; };
		1D4C2A781ED197AF00E4DB77 /* M_GUI.m */ = {isa = PBXFileReference; fileEncoding = 4; lastKnownFileType = sourcecode.c.objc; name = M_GUI.m; path = ../M_GUI.m; sourceTree = "<group>"; };
/* End PBXFileReference section */

/* Begin PBXFrameworksBuildPhase section */
		1D4C2A5C1ED1938B00E4DB77 /* Frameworks */ = {
			isa = PBXFrameworksBuildPhase;
			buildActionMask = 2147483647;
			files = (
			);
			runOnlyForDeploymentPostprocessing = 0;
		};
/* End PBXFrameworksBuildPhase section */

/* Begin PBXGroup section */
		1D4C2A561ED1938B00E4DB77 = {
			isa = PBXGroup;
			children = (
				1D4C2A611ED1938B00E4DB77 /* SensorRecorder */,
				1D4C2A601ED1938B00E4DB77 /* Products */,
			);
			sourceTree = "<group>";
		};
		1D4C2A601ED1938B00E4DB77 /* Products */ = {
			isa = PBXGroup;
			children = (
				1D4C2A5F1ED1938B00E4DB77 /* SensorRecorder.app */,
			);
			name = Products;
			sourceTree = "<group>";
		};
		1D4C2A611ED1938B00E4DB77 /* SensorRecorder */ = {
			isa = PBXGroup;
			children = (
				1D4C2A621ED1938B00E4DB77 /* AppDelegate.h */,
				1D4C2A631ED1938B00E4DB77 /* AppDelegate.m */,
				1D4C2A681ED1938B00E4DB77 /* Assets.xcassets */,
				1D4C2A6A1ED1938B00E4DB77 /* MainMenu.xib */,
				1D4C2A6D1ED1938B00E4DB77 /* Info.plist */,
				1D4C2A651ED1938B00E4DB77 /* Supporting Files */,
				1D4C2A731ED193ED00E4DB77 /* mainController.h */,
				1D4C2A741ED193ED00E4DB77 /* mainController.m */,
				1D4C2A781ED197AF00E4DB77 /* M_GUI.m */,
			);
			path = SensorRecorder;
			sourceTree = "<group>";
		};
		1D4C2A651ED1938B00E4DB77 /* Supporting Files */ = {
			isa = PBXGroup;
			children = (
				1D4C2A661ED1938B00E4DB77 /* main.m */,
			);
			name = "Supporting Files";
			sourceTree = "<group>";
		};
/* End PBXGroup section */

/* Begin PBXNativeTarget section */
		1D4C2A5E1ED1938B00E4DB77 /* SensorRecorder */ = {
			isa = PBXNativeTarget;
			buildConfigurationList = 1D4C2A701ED1938B00E4DB77 /* Build configuration list for PBXNativeTarget "SensorRecorder" */;
			buildPhases = (
				1D4C2A5B1ED1938B00E4DB77 /* Sources */,
				1D4C2A5C1ED1938B00E4DB77 /* Frameworks */,
				1D4C2A5D1ED1938B00E4DB77 /* Resources */,
			);
			buildRules = (
			);
			dependencies = (
			);
			name = SensorRecorder;
			productName = SensorRecorder;
			productReference = 1D4C2A5F1ED1938B00E4DB77 /* SensorRecorder.app */;
			productType = "com.apple.product-type.application";
		};
/* End PBXNativeTarget section */

/* Begin PBXProject section */
		1D4C2A571ED1938B00E4DB77 /* Project object */ = {
			isa = PBXProject;
			attributes = {
				LastUpgradeCheck = 0820;
				ORGANIZATIONNAME = annolab;
				TargetAttributes = {
					1D4C2A5E1ED1938B00E4DB77 = {
						CreatedOnToolsVersion = 8.2.1;
						ProvisioningStyle = Automatic;
					};
				};
			};
			buildConfigurationList = 1D4C2A5A1ED1938B00E4DB77 /* Build configuration list for PBXProject "SensorRecorder" */;
			compatibilityVersion = "Xcode 3.2";
			developmentRegion = English;
			hasScannedForEncodings = 0;
			knownRegions = (
				en,
				Base,
			);
			mainGroup = 1D4C2A561ED1938B00E4DB77;
			productRefGroup = 1D4C2A601ED1938B00E4DB77 /* Products */;
			projectDirPath = "";
			projectRoot = "";
			targets = (
				1D4C2A5E1ED1938B00E4DB77 /* SensorRecorder */,
			);
		};
/* End PBXProject section */

/* Begin PBXResourcesBuildPhase section */
		1D4C2A5D1ED1938B00E4DB77 /* Resources */ = {
			isa = PBXResourcesBuildPhase;
			buildActionMask = 2147483647;
			files = (
				1D4C2A691ED1938B00E4DB77 /* Assets.xcassets in Resources */,
				1D4C2A6C1ED1938B00E4DB77 /* MainMenu.xib in Resources */,
			);
			runOnlyForDeploymentPostprocessing = 0;
		};
/* End PBXResourcesBuildPhase section */

/* Begin PBXSourcesBuildPhase section */
		1D4C2A5B1ED1938B00E4DB77 /* Sources */ = {
			isa = PBXSourcesBuildPhase;
			buildActionMask = 2147483647;
			files = (
				1D4C2A751ED193ED00E4DB77 /* mainController.m in Sources */,
				1D4C2A671ED1938B00E4DB77 /* main.m in Sources */,
				1D4C2A641ED1938B00E4DB77 /* AppDelegate.m in Sources */,
				1D4C2A791ED197AF00E4DB77 /* M_GUI.m in Sources */,
			);
			runOnlyForDeploymentPostprocessing = 0;
		};
/* End PBXSourcesBuildPhase section */

/* Begin PBXVariantGroup section */
		1D4C2A6A1ED1938B00E4DB77 /* MainMenu.xib */ = {
			isa = PBXVariantGroup;
			children = (
				1D4C2A6B1ED1938B00E4DB77 /* Base */,
			);
			name = MainMenu.xib;
			sourceTree = "<group>";
		};
/* End PBXVariantGroup section */

/* Begin XCBuildConfiguration section */
		1D4C2A6E1ED1938B00E4DB77 /* Debug */ = {
			isa = XCBuildConfiguration;
			buildSettings = {
				ALWAYS_SEARCH_USER_PATHS = NO;
				CLANG_ANALYZER_NONNULL = YES;
				CLANG_CXX_LANGUAGE_STANDARD = "gnu++0x";
				CLANG_CXX_LIBRARY = "libc++";
				CLANG_ENABLE_MODULES = YES;
				CLANG_ENABLE_OBJC_ARC = YES;
				CLANG_WARN_BOOL_CONVERSION = YES;
				CLANG_WARN_CONSTANT_CONVERSION = YES;
				CLANG_WARN_DIRECT_OBJC_ISA_USAGE = YES_ERROR;
				CLANG_WARN_DOCUMENTATION_COMMENTS = YES;
				CLANG_WARN_EMPTY_BODY = YES;
				CLANG_WARN_ENUM_CONVERSION = YES;
				CLANG_WARN_INFINITE_RECURSION = YES;
				CLANG_WARN_INT_CONVERSION = YES;
				CLANG_WARN_OBJC_ROOT_CLASS = YES_ERROR;
				CLANG_WARN_SUSPICIOUS_MOVE = YES;
				CLANG_WARN_UNREACHABLE_CODE = YES;
				CLANG_WARN__DUPLICATE_METHOD_MATCH = YES;
				CODE_SIGN_IDENTITY = "-";
				COPY_PHASE_STRIP = NO;
				DEBUG_INFORMATION_FORMAT = dwarf;
				ENABLE_STRICT_OBJC_MSGSEND = YES;
				ENABLE_TESTABILITY = YES;
				GCC_C_LANGUAGE_STANDARD = gnu99;
				GCC_DYNAMIC_NO_PIC = NO;
				GCC_NO_COMMON_BLOCKS = YES;
				GCC_OPTIMIZATION_LEVEL = 0;
				GCC_PREPROCESSOR_DEFINITIONS = (
					"DEBUG=1",
					"$(inherited)",
				);
				GCC_WARN_64_TO_32_BIT_CONVERSION = YES;
				GCC_WARN_ABOUT_RETURN_TYPE = YES_ERROR;
				GCC_WARN_UNDECLARED_SELECTOR = YES;
				GCC_WARN_UNINITIALIZED_AUTOS = YES_AGGRESSIVE;
				GCC_WARN_UNUSED_FUNCTION = YES;
				GCC_WARN_UNUSED_VARIABLE = YES;
				MACOSX_DEPLOYMENT_TARGET = 10.11;
				MTL_ENABLE_DEBUG_INFO = YES;
				ONLY_ACTIVE_ARCH = YES;
				SDKROOT = macosx;
			};
			name = Debug;
		};
		1D4C2A6F1ED1938B00E4DB77 /* Release */ = {
			isa = XCBuildConfiguration;
			buildSettings = {
				ALWAYS_SEARCH_USER_PATHS = NO;
				CLANG_ANALYZER_NONNULL = YES;
				CLANG_CXX_LANGUAGE_STANDARD = "gnu++0x";
				CLANG_CXX_LIBRARY = "libc++";
				CLANG_ENABLE_MODULES = YES;
				CLANG_ENABLE_OBJC_ARC = YES;
				CLANG_WARN_BOOL_CONVERSION = YES;
				CLANG_WARN_CONSTANT_CONVERSION = YES;
				CLANG_WARN_DIRECT_OBJC_ISA_USAGE = YES_ERROR;
				CLANG_WARN_DOCUMENTATION_COMMENTS = YES;
				CLANG_WARN_EMPTY_BODY = YES;
				CLANG_WARN_ENUM_CONVERSION = YES;
				CLANG_WARN_INFINITE_RECURSION = YES;
				CLANG_WARN_INT_CONVERSION = YES;
				CLANG_WARN_OBJC_ROOT_CLASS = YES_ERROR;
				CLANG_WARN_SUSPICIOUS_MOVE = YES;
				CLANG_WARN_UNREACHABLE_CODE = YES;
				CLANG_WARN__DUPLICATE_METHOD_MATCH = YES;
				CODE_SIGN_IDENTITY = "-";
				COPY_PHASE_STRIP = NO;
				DEBUG_INFORMATION_FORMAT = "dwarf-with-dsym";
				ENABLE_NS_ASSERTIONS = NO;
				ENABLE_STRICT_OBJC_MSGSEND = YES;
				GCC_C_LANGUAGE_STANDARD = gnu99;
				GCC_NO_COMMON_BLOCKS = YES;
				GCC_WARN_64_TO_32_BIT_CONVERSION = YES;
				GCC_WARN_ABOUT_RETURN_TYPE = YES_ERROR;
				GCC_WARN_UNDECLARED_SELECTOR = YES;
				GCC_WARN_UNINITIALIZED_AUTOS = YES_AGGRESSIVE;
				GCC_WARN_UNUSED_FUNCTION = YES;
				GCC_WARN_UNUSED_VARIABLE = YES;
				MACOSX_DEPLOYMENT_TARGET = 10.11;
				MTL_ENABLE_DEBUG_INFO = NO;
				SDKROOT = macosx;
			};
			name = Release;
		};
		1D4C2A711ED1938B00E4DB77 /* Debug */ = {
			isa = XCBuildConfiguration;
			buildSettings = {
				ASSETCATALOG_COMPILER_APPICON_NAME = AppIcon;
				COMBINE_HIDPI_IMAGES = YES;
				INFOPLIST_FILE = SensorRecorder/Info.plist;
				LD_RUNPATH_SEARCH_PATHS = "$(inherited) @executable_path/../Frameworks";
				PRODUCT_BUNDLE_IDENTIFIER = annolab.SensorRecorder;
				PRODUCT_NAME = "$(TARGET_NAME)";
			};
			name = Debug;
		};
		1D4C2A721ED1938B00E4DB77 /* Release */ = {
			isa = XCBuildConfiguration;
			buildSettings = {
				ASSETCATALOG_COMPILER_APPICON_NAME = AppIcon;
				COMBINE_HIDPI_IMAGES = YES;
				INFOPLIST_FILE = SensorRecorder/Info.plist;
				LD_RUNPATH_SEARCH_PATHS = "$(inherited) @executable_path/../Frameworks";
				PRODUCT_BUNDLE_IDENTIFIER = annolab.SensorRecorder;
				PRODUCT_NAME = "$(TARGET_NAME)";
			};
			name = Release;
		};
/* End XCBuildConfiguration section */

/* Begin XCConfigurationList section */
		1D4C2A5A1ED1938B00E4DB77 /* Build configuration list for PBXProject "SensorRecorder" */ = {
			isa = XCConfigurationList;
			buildConfigurations = (
				1D4C2A6E1ED1938B00E4DB77 /* Debug */,
				1D4C2A6F1ED1938B00E4DB77 /* Release */,
			);
			defaultConfigurationIsVisible = 0;
			defaultConfigurationName = Release;
		};
		1D4C2A701ED1938B00E4DB77 /* Build configuration list for PBXNativeTarget "SensorRecorder" */ = {
			isa = XCConfigurationList;
			buildConfigurations = (
				1D4C2A711ED1938B00E4DB77 /* Debug */,
				1D4C2A721ED1938B00E4DB77 /* Release */,
			);
			defaultConfigurationIsVisible = 0;
		};
/* End XCConfigurationList section */
	};
	rootObject = 1D4C2A571ED1938B00E4DB77 /* Project object */;
}
